
Microsoft Visual Studio Solution File, Format Version 12.00
# Visual Studio 2012
Project("{F184B08F-C81C-45F6-A57F-5ABD9991F28F}") = "Sequenchel", "Sequenchel\Sequenchel.vbproj", "{51D57E6D-3C7A-4263-B1C6-FB7104984707}"
EndProject
Project("{F184B08F-C81C-45F6-A57F-5ABD9991F28F}") = "SDBA", "SDBA\SDBA.vbproj", "{03D663F2-7098-4085-9B75-31A322B4CC26}"
EndProject
Project("{F184B08F-C81C-45F6-A57F-5ABD9991F28F}") = "SeqCore", "SeqCore\SeqCore.vbproj", "{029272AF-B66D-4873-B2F0-C0ADA5AEC85C}"
EndProject
Project("{F184B08F-C81C-45F6-A57F-5ABD9991F28F}") = "SeqCmd", "SeqCmd\SeqCmd.vbproj", "{E3178A6E-4726-48AE-A20F-40EAEB1C2E2B}"
EndProject
Global
	GlobalSection(SolutionConfigurationPlatforms) = preSolution
		Debug|Any CPU = Debug|Any CPU
		Release|Any CPU = Release|Any CPU
	EndGlobalSection
	GlobalSection(ProjectConfigurationPlatforms) = postSolution
		{51D57E6D-3C7A-4263-B1C6-FB7104984707}.Debug|Any CPU.ActiveCfg = Debug|Any CPU
		{51D57E6D-3C7A-4263-B1C6-FB7104984707}.Debug|Any CPU.Build.0 = Debug|Any CPU
		{51D57E6D-3C7A-4263-B1C6-FB7104984707}.Release|Any CPU.ActiveCfg = Release|Any CPU
		{51D57E6D-3C7A-4263-B1C6-FB7104984707}.Release|Any CPU.Build.0 = Release|Any CPU
		{03D663F2-7098-4085-9B75-31A322B4CC26}.Debug|Any CPU.ActiveCfg = Debug|Any CPU
		{03D663F2-7098-4085-9B75-31A322B4CC26}.Debug|Any CPU.Build.0 = Debug|Any CPU
		{03D663F2-7098-4085-9B75-31A322B4CC26}.Release|Any CPU.ActiveCfg = Release|Any CPU
		{03D663F2-7098-4085-9B75-31A322B4CC26}.Release|Any CPU.Build.0 = Release|Any CPU
		{029272AF-B66D-4873-B2F0-C0ADA5AEC85C}.Debug|Any CPU.ActiveCfg = Debug|Any CPU
		{029272AF-B66D-4873-B2F0-C0ADA5AEC85C}.Debug|Any CPU.Build.0 = Debug|Any CPU
		{029272AF-B66D-4873-B2F0-C0ADA5AEC85C}.Release|Any CPU.ActiveCfg = Release|Any CPU
		{029272AF-B66D-4873-B2F0-C0ADA5AEC85C}.Release|Any CPU.Build.0 = Release|Any CPU
		{E3178A6E-4726-48AE-A20F-40EAEB1C2E2B}.Debug|Any CPU.ActiveCfg = Debug|Any CPU
		{E3178A6E-4726-48AE-A20F-40EAEB1C2E2B}.Debug|Any CPU.Build.0 = Debug|Any CPU
		{E3178A6E-4726-48AE-A20F-40EAEB1C2E2B}.Release|Any CPU.ActiveCfg = Release|Any CPU
		{E3178A6E-4726-48AE-A20F-40EAEB1C2E2B}.Release|Any CPU.Build.0 = Release|Any CPU
	EndGlobalSection
	GlobalSection(SolutionProperties) = preSolution
		HideSolutionNode = FALSE
	EndGlobalSection
EndGlobal
